
Microsoft Visual Studio Solution File, Format Version 12.00
# Visual Studio Version 16
VisualStudioVersion = 16.0.28803.156
MinimumVisualStudioVersion = 10.0.40219.1
Project("{FAE04EC0-301F-11D3-BF4B-00C04F79EFBC}") = "KnightGame", "KnightGame\KnightGame.csproj", "{64265DBC-3DDC-43EC-920D-748D7D89921B}"
EndProject
Global
	GlobalSection(SolutionConfigurationPlatforms) = preSolution
		Debug|x86 = Debug|x86
		Release|x86 = Release|x86
	EndGlobalSection
	GlobalSection(ProjectConfigurationPlatforms) = postSolution
		{64265DBC-3DDC-43EC-920D-748D7D89921B}.Debug|x86.ActiveCfg = Debug|x86
		{64265DBC-3DDC-43EC-920D-748D7D89921B}.Debug|x86.Build.0 = Debug|x86
		{64265DBC-3DDC-43EC-920D-748D7D89921B}.Release|x86.ActiveCfg = Release|x86
		{64265DBC-3DDC-43EC-920D-748D7D89921B}.Release|x86.Build.0 = Release|x86
	EndGlobalSection
	GlobalSection(SolutionProperties) = preSolution
		HideSolutionNode = FALSE
	EndGlobalSection
	GlobalSection(ExtensibilityGlobals) = postSolution
		SolutionGuid = {F48A87B4-C7F7-422C-92E4-59E1B5A6992B}
	EndGlobalSection
EndGlobal
